
Microsoft Visual Studio Solution File, Format Version 12.00
# Visual Studio Version 17
VisualStudioVersion = 17.8.34525.116
MinimumVisualStudioVersion = 10.0.40219.1
Project("{2150E333-8FDC-42A3-9474-1A3956D46DE8}") = "src", "src", "{DAB71BD5-8A01-478D-B558-4F55B2DA30E9}"
EndProject
Project("{FAE04EC0-301F-11D3-BF4B-00C04F79EFBC}") = "RentCarServer.Domain", "src\RentCarServer.Domain\RentCarServer.Domain.csproj", "{9112B585-1421-4453-A76C-9F7020D59143}"
EndProject
Project("{FAE04EC0-301F-11D3-BF4B-00C04F79EFBC}") = "RentCarServer.Application", "src\RentCarServer.Application\RentCarServer.Application.csproj", "{2A545950-0611-45F0-B4EA-3E3127BC8017}"
EndProject
Project("{FAE04EC0-301F-11D3-BF4B-00C04F79EFBC}") = "RentCarServer.Infrastructure", "src\RentCarServer.Infrastructure\RentCarServer.Infrastructure.csproj", "{3E218F08-ED71-4212-B3DF-41959250BA9F}"
EndProject
Project("{FAE04EC0-301F-11D3-BF4B-00C04F79EFBC}") = "RentCarServer.WebApi", "src\RentCarServer.WebApi\RentCarServer.WebApi.csproj", "{6B8A1C6C-7C1E-44DE-AC4C-B2B6C3010485}"
EndProject
Global
	GlobalSection(SolutionConfigurationPlatforms) = preSolution
		Debug|Any CPU = Debug|Any CPU
		Release|Any CPU = Release|Any CPU
	EndGlobalSection
	GlobalSection(ProjectConfigurationPlatforms) = postSolution
		{9112B585-1421-4453-A76C-9F7020D59143}.Debug|Any CPU.ActiveCfg = Debug|Any CPU
		{9112B585-1421-4453-A76C-9F7020D59143}.Debug|Any CPU.Build.0 = Debug|Any CPU
		{9112B585-1421-4453-A76C-9F7020D59143}.Release|Any CPU.ActiveCfg = Release|Any CPU
		{9112B585-1421-4453-A76C-9F7020D59143}.Release|Any CPU.Build.0 = Release|Any CPU
		{2A545950-0611-45F0-B4EA-3E3127BC8017}.Debug|Any CPU.ActiveCfg = Debug|Any CPU
		{2A545950-0611-45F0-B4EA-3E3127BC8017}.Debug|Any CPU.Build.0 = Debug|Any CPU
		{2A545950-0611-45F0-B4EA-3E3127BC8017}.Release|Any CPU.ActiveCfg = Release|Any CPU
		{2A545950-0611-45F0-B4EA-3E3127BC8017}.Release|Any CPU.Build.0 = Release|Any CPU
		{3E218F08-ED71-4212-B3DF-41959250BA9F}.Debug|Any CPU.ActiveCfg = Debug|Any CPU
		{3E218F08-ED71-4212-B3DF-41959250BA9F}.Debug|Any CPU.Build.0 = Debug|Any CPU
		{3E218F08-ED71-4212-B3DF-41959250BA9F}.Release|Any CPU.ActiveCfg = Release|Any CPU
		{3E218F08-ED71-4212-B3DF-41959250BA9F}.Release|Any CPU.Build.0 = Release|Any CPU
		{6B8A1C6C-7C1E-44DE-AC4C-B2B6C3010485}.Debug|Any CPU.ActiveCfg = Debug|Any CPU
		{6B8A1C6C-7C1E-44DE-AC4C-B2B6C3010485}.Debug|Any CPU.Build.0 = Debug|Any CPU
		{6B8A1C6C-7C1E-44DE-AC4C-B2B6C3010485}.Release|Any CPU.ActiveCfg = Release|Any CPU
		{6B8A1C6C-7C1E-44DE-AC4C-B2B6C3010485}.Release|Any CPU.Build.0 = Release|Any CPU
	EndGlobalSection
	GlobalSection(SolutionProperties) = preSolution
		HideSolutionNode = FALSE
	EndGlobalSection
	GlobalSection(NestedProjects) = preSolution
		{9112B585-1421-4453-A76C-9F7020D59143} = {DAB71BD5-8A01-478D-B558-4F55B2DA30E9}
		{2A545950-0611-45F0-B4EA-3E3127BC8017} = {DAB71BD5-8A01-478D-B558-4F55B2DA30E9}
		{3E218F08-ED71-4212-B3DF-41959250BA9F} = {DAB71BD5-8A01-478D-B558-4F55B2DA30E9}
		{6B8A1C6C-7C1E-44DE-AC4C-B2B6C3010485} = {DAB71BD5-8A01-478D-B558-4F55B2DA30E9}
	EndGlobalSection
	GlobalSection(ExtensibilityGlobals) = postSolution
		SolutionGuid = {FE3AD2AB-5D29-42CA-8CF8-363B9CE1950E}
	EndGlobalSection
EndGlobal
